# This file is autogenerated, do not edit; changes may be undone by the next 'dep ensure'.


[[projects]]
  branch = "master"
  digest = "1:955e008f09d49da3487a315cb1149121884b0e25f6a248abf666dd8a3ffb3f65"
  name = "code.cloudfoundry.org/tlsconfig"
  packages = ["."]
  pruneopts = "UT"
  revision = "bbe0f8da39b3c59d42217afcc79019c754dabdfb"

[[projects]]
  digest = "1:63365cc19727fc5f786d5d95079016b3601120c9699543abae2d5d0bff139109"
  name = "github.com/DATA-DOG/go-sqlmock"
  packages = ["."]
  pruneopts = "UT"
  revision = "7d7fc89ac4d6e7994c74cf16a6cb774b0374f2f9"
  version = "v1.4.1"

[[projects]]
  digest = "1:951fce29e99a2a6dc931cf0a5d7549fc876535d425919d617c52132a8bba8b1d"
  name = "github.com/bmatcuk/doublestar"
  packages = ["."]
  pruneopts = "UT"
  revision = "50be492faef103d1904fec6e1019454b07cdb03f"
  version = "v1.2.2"

[[projects]]
  branch = "master"
  digest = "1:58927c45bfdcd6550e5f1ab008eeeb6951474a232afa1dc690583f26c5f92cbd"
  name = "github.com/charlievieth/fs"
  packages = ["."]
  pruneopts = "UT"
  revision = "7dc373669fa10ddf827c37c595dee30a2f001be9"

[[projects]]
  branch = "master"
  digest = "1:315a813337151312334917b2e2762b6f949bfa42474c9c8aff3626d8035a28ad"
  name = "github.com/cloudfoundry/bosh-cli"
  packages = [
    "common/util",
    "director",
    "director/directorfakes",
    "director/template",
    "io",
    "uaa",
  ]
  pruneopts = "UT"
  revision = "a28042ac900855d2ca234da0a1fb6e79d1c52904"

[[projects]]
  branch = "master"
  digest = "1:ef84752aa25bf28e93b8315723c02c7f643e6b73aabafbbb1375a0f61a56b357"
  name = "github.com/cloudfoundry/bosh-utils"
  packages = [
    "crypto",
    "errors",
    "httpclient",
    "logger",
    "property",
    "retrystrategy",
    "system",
    "uuid",
  ]
  pruneopts = "UT"
  revision = "881640b2d0a6eab68596440baf5aafdccd785c54"

[[projects]]
  digest = "1:411866cab67f874104e8667be13880a8288e370725edd5fac0b771955fcf45d4"
  name = "github.com/cloudfoundry/config-server"
  packages = ["types"]
  pruneopts = "UT"
  revision = "d29aa99b7c301778efea4714252b6ef549089d6b"
  version = "v0.0.124"

[[projects]]
  branch = "master"
  digest = "1:a8022e3b5ae297d4c99a589b772c607a15284107fc037127142e177ac16b30a0"
  name = "github.com/cloudfoundry/go-socks5"
  packages = ["."]
  pruneopts = "UT"
  revision = "54f73bdb8a8e85a6611d3d29ab9bbf98c2a060d7"

[[projects]]
  digest = "1:dfedafdd42492d6a20ac115b8e1d6ccc6085ffba33274d5f07e66b83e9a0b02b"
  name = "github.com/cloudfoundry/socks5-proxy"
  packages = ["."]
  pruneopts = "UT"
  revision = "633b6fe4c3d8d72a4e7397a948027db02a8e2a96"
  version = "v0.2.0"

[[projects]]
  branch = "master"
  digest = "1:bb50c52715ad389a1f8dbf6df68c4ef38f73769524f00d49fed3dc8b280f3a54"
  name = "github.com/cppforlife/go-patch"
  packages = ["patch"]
  pruneopts = "UT"
  revision = "90228d47281247384683e5fded0f15afa3e5d29a"

[[projects]]
  branch = "master"
  digest = "1:6f6126af7313c78380367bb436b5a2ad8fc79ed0f4b3019ddd0ee1f8150e6877"
  name = "github.com/cppforlife/go-semi-semantic"
  packages = ["version"]
  pruneopts = "UT"
  revision = "576b6af77ae4f3ccef356902fb3b9a9ae22e0b11"

[[projects]]
  digest = "1:a1038ef593beb4771c8f0f9c26e8b00410acd800af5c6864651d9bf160ea1813"
  name = "github.com/hpcloud/tail"
  packages = [
    ".",
    "ratelimiter",
    "util",
    "watch",
    "winfile",
  ]
  pruneopts = "UT"
  revision = "a30252cb686a21eb2d0b98132633053ec2f7f1e5"
  version = "v1.0.0"

[[projects]]
  digest = "1:b6bbd2f9e0724bd81890c8644259f920c6d61c08453978faff0bebd25f3e7d3e"
  name = "github.com/jpillora/backoff"
  packages = ["."]
  pruneopts = "UT"
  revision = "8eab2debe79d12b7bd3d10653910df25fa9552ba"
  version = "1.0.0"

[[projects]]
  branch = "master"
  digest = "1:e8501d7fa801be523f103178ced935b37778925c7338f0f94e50c14a4d450f4a"
  name = "github.com/lib/pq"
  packages = [
    ".",
    "oid",
    "scram",
  ]
  pruneopts = "UT"
  revision = "9eb3fc897d6fd97dd4aad3d0404b54e2f7cc56be"

[[projects]]
  branch = "master"
  digest = "1:0e1e5f960c58fdc677212fcc70e55042a0084d367623e51afbdb568963832f5d"
  name = "github.com/nu7hatch/gouuid"
  packages = ["."]
  pruneopts = "UT"
  revision = "179d4d0c4d8d407a32af483c2354df1d2c91e6c3"

[[projects]]
  branch = "master"
  digest = "1:3a7da5fe2be70407dd32d2e79e04ff15c2d592cd0336b71ea480688c9fc572db"
  name = "github.com/onsi/ginkgo"
  packages = [
    ".",
    "config",
    "internal/codelocation",
    "internal/containernode",
    "internal/failer",
    "internal/leafnodes",
    "internal/remote",
    "internal/spec",
    "internal/spec_iterator",
    "internal/specrunner",
    "internal/suite",
    "internal/testingtproxy",
    "internal/writer",
    "reporters",
    "reporters/stenographer",
    "reporters/stenographer/support/go-colorable",
    "reporters/stenographer/support/go-isatty",
    "types",
  ]
  pruneopts = "UT"
  revision = "40598150331533e3cd497f21dcce387dae84b561"

[[projects]]
  branch = "master"
  digest = "1:d15ecb645bb996d9507493e42adc07badc8a5aeef371cdc19238c0f378845be1"
  name = "github.com/onsi/gomega"
  packages = [
    ".",
    "format",
    "internal/assertion",
    "internal/asyncassertion",
    "internal/oraclematcher",
    "internal/testingtsupport",
    "matchers",
    "matchers/support/goraph/bipartitegraph",
    "matchers/support/goraph/edge",
    "matchers/support/goraph/node",
    "matchers/support/goraph/util",
    "types",
  ]
  pruneopts = "UT"
  revision = "6be6c439588487cd908a3a700795660c2a16dfec"

[[projects]]
  branch = "master"
  digest = "1:c17d9558383b2b70bf84453b8f0cf17704b8c07f981ab00700e22ebd0137a6d0"
  name = "github.com/pivotal-cf/paraphernalia"
  packages = ["secure/tlsconfig"]
  pruneopts = "UT"
  revision = "a64ae2051c20c5cde13292a41db01029566134ba"

[[projects]]
  branch = "master"
  digest = "1:008536efa3243302324ed20e6782e7a6371f7763d35dd60e617298e91542488e"
  name = "golang.org/x/crypto"
  packages = [
    "blowfish",
    "chacha20",
    "curve25519",
    "ed25519",
    "ed25519/internal/edwards25519",
    "internal/subtle",
    "poly1305",
    "ssh",
    "ssh/internal/bcrypt_pbkdf",
  ]
  pruneopts = "UT"
  revision = "1d94cc7ab1c630336ab82ccb9c9cda72a875c382"

[[projects]]
  branch = "master"
  digest = "1:532252ac3b338b8a61bfc43b798ff16d78d63afecf72e7f86966d386cfa83905"
  name = "golang.org/x/net"
  packages = [
    "context",
    "html",
    "html/atom",
    "html/charset",
    "internal/socks",
    "proxy",
  ]
  pruneopts = "UT"
  revision = "16171245cfb220d5317888b716d69c1fb4e7992b"

[[projects]]
  branch = "master"
  digest = "1:700e2d5dcdf3ecf8e2035cbdb175ea7e9a7635665e4950145150c999d4267857"
  name = "golang.org/x/sys"
  packages = [
    "cpu",
    "unix",
  ]
  pruneopts = "UT"
  revision = "12a6c2dcc1e4cb348b57847c73987099e261714b"

[[projects]]
  digest = "1:8a0baffd5559acaa560f854d7d525c02f4fec2d4f8a214398556fb661a10f6e0"
  name = "golang.org/x/text"
  packages = [
    "encoding",
    "encoding/charmap",
    "encoding/htmlindex",
    "encoding/internal",
    "encoding/internal/identifier",
    "encoding/japanese",
    "encoding/korean",
    "encoding/simplifiedchinese",
    "encoding/traditionalchinese",
    "encoding/unicode",
    "internal/gen",
    "internal/language",
    "internal/language/compact",
    "internal/tag",
    "internal/utf8internal",
    "language",
    "runes",
    "transform",
    "unicode/cldr",
  ]
  pruneopts = "UT"
  revision = "342b2e1fbaa52c93f31447ad2c6abc048c63e475"
  version = "v0.3.2"

[[projects]]
  branch = "master"
  digest = "1:918a46e4a2fb83df33f668f5a6bd51b2996775d073fce1800d3ec01b0a5ddd2b"
  name = "golang.org/x/xerrors"
  packages = [
    ".",
    "internal",
  ]
  pruneopts = "UT"
  revision = "9bdfabe68543c54f90421aeb9a60ef8061b5b544"

[[projects]]
  digest = "1:abeb38ade3f32a92943e5be54f55ed6d6e3b6602761d74b4aab4c9dd45c18abd"
  name = "gopkg.in/fsnotify.v1"
  packages = ["."]
  pruneopts = "UT"
  revision = "c2828203cd70a50dcccfb2761f8b1f8ceef9a8e9"
  source = "https://github.com/fsnotify/fsnotify.git"
  version = "v1.4.7"

[[projects]]
  branch = "v1"
  digest = "1:0caa92e17bc0b65a98c63e5bc76a9e844cd5e56493f8fdbb28fad101a16254d9"
  name = "gopkg.in/tomb.v1"
  packages = ["."]
  pruneopts = "UT"
  revision = "dd632973f1e7218eb1089048e0798ec9ae7dceb8"

[[projects]]
  digest = "1:55b110c99c5fdc4f14930747326acce56b52cfce60b24b1c03ef686ac0e46bb1"
  name = "gopkg.in/yaml.v2"
  packages = ["."]
  pruneopts = "UT"
  revision = "53403b58ad1b561927d19068c655246f2db79d48"
  version = "v2.2.8"

[solve-meta]
  analyzer-name = "dep"
  analyzer-version = 1
  input-imports = [
    "github.com/DATA-DOG/go-sqlmock",
    "github.com/cloudfoundry/bosh-cli/director",
    "github.com/cloudfoundry/bosh-cli/director/directorfakes",
    "github.com/cloudfoundry/bosh-cli/director/template",
    "github.com/cloudfoundry/bosh-cli/uaa",
    "github.com/cloudfoundry/bosh-utils/errors",
    "github.com/cloudfoundry/bosh-utils/logger",
    "github.com/cloudfoundry/config-server/types",
    "github.com/cppforlife/go-patch/patch",
    "github.com/lib/pq",
    "github.com/onsi/ginkgo",
    "github.com/onsi/gomega",
    "gopkg.in/yaml.v2",
  ]
  solver-name = "gps-cdcl"
  solver-version = 1
